
Microsoft Visual Studio Solution File, Format Version 12.00
# Visual Studio Version 17
VisualStudioVersion = 17.3.32825.248
MinimumVisualStudioVersion = 10.0.40219.1
Project("{FAE04EC0-301F-11D3-BF4B-00C04F79EFBC}") = "GenerateQrCode", "GenerateQrCode\GenerateQrCode.csproj", "{C33F8B59-0A66-44BC-8487-448F4C90EE5D}"
EndProject
Global
	GlobalSection(SolutionConfigurationPlatforms) = preSolution
		Debug|Any CPU = Debug|Any CPU
		Release|Any CPU = Release|Any CPU
	EndGlobalSection
	GlobalSection(ProjectConfigurationPlatforms) = postSolution
		{C33F8B59-0A66-44BC-8487-448F4C90EE5D}.Debug|Any CPU.ActiveCfg = Debug|Any CPU
		{C33F8B59-0A66-44BC-8487-448F4C90EE5D}.Debug|Any CPU.Build.0 = Debug|Any CPU
		{C33F8B59-0A66-44BC-8487-448F4C90EE5D}.Release|Any CPU.ActiveCfg = Release|Any CPU
		{C33F8B59-0A66-44BC-8487-448F4C90EE5D}.Release|Any CPU.Build.0 = Release|Any CPU
	EndGlobalSection
	GlobalSection(SolutionProperties) = preSolution
		HideSolutionNode = FALSE
	EndGlobalSection
	GlobalSection(ExtensibilityGlobals) = postSolution
		SolutionGuid = {1B764F86-2D0F-433A-A0E6-2C4EF3831C4E}
	EndGlobalSection
EndGlobal
